// !$*UTF8*$!
{
	archiveVersion = 1;
	classes = {
	};
	objectVersion = 56;
	objects = {

/* Begin PBXBuildFile section */
		64295D36293CA12100FCBECD /* main.cpp in Sources */ = {isa = PBXBuildFile; fileRef = 64295D35293CA12100FCBECD /* main.cpp */; };
		649D1177293FD70E0052E98C /* LinkedList.cpp in Sources */ = {isa = PBXBuildFile; fileRef = 649D1175293FD70E0052E98C /* LinkedList.cpp */; };
		649D117A2941082F0052E98C /* Queue.cpp in Sources */ = {isa = PBXBuildFile; fileRef = 649D11782941082F0052E98C /* Queue.cpp */; };
		64C0B4F3293CA4A4008BD600 /* HashTable.cpp in Sources */ = {isa = PBXBuildFile; fileRef = 64C0B4F1293CA4A4008BD600 /* HashTable.cpp */; };
		64C0B4F6293CA885008BD600 /* Client.cpp in Sources */ = {isa = PBXBuildFile; fileRef = 64C0B4F4293CA885008BD600 /* Client.cpp */; };
/* End PBXBuildFile section */

/* Begin PBXCopyFilesBuildPhase section */
		64295D30293CA12100FCBECD /* CopyFiles */ = {
			isa = PBXCopyFilesBuildPhase;
			buildActionMask = 2147483647;
			dstPath = /usr/share/man/man1/;
			dstSubfolderSpec = 0;
			files = (
			);
			runOnlyForDeploymentPostprocessing = 1;
		};
/* End PBXCopyFilesBuildPhase section */

/* Begin PBXFileReference section */
		64295D32293CA12100FCBECD /* ComplexSystems */ = {isa = PBXFileReference; explicitFileType = "compiled.mach-o.executable"; includeInIndex = 0; path = ComplexSystems; sourceTree = BUILT_PRODUCTS_DIR; };
		64295D35293CA12100FCBECD /* main.cpp */ = {isa = PBXFileReference; lastKnownFileType = sourcecode.cpp.cpp; path = main.cpp; sourceTree = "<group>"; };
		649D1175293FD70E0052E98C /* LinkedList.cpp */ = {isa = PBXFileReference; lastKnownFileType = sourcecode.cpp.cpp; path = LinkedList.cpp; sourceTree = "<group>"; };
		649D1176293FD70E0052E98C /* LinkedList.hpp */ = {isa = PBXFileReference; lastKnownFileType = sourcecode.cpp.h; path = LinkedList.hpp; sourceTree = "<group>"; };
		649D11782941082F0052E98C /* Queue.cpp */ = {isa = PBXFileReference; lastKnownFileType = sourcecode.cpp.cpp; path = Queue.cpp; sourceTree = "<group>"; };
		649D11792941082F0052E98C /* Queue.hpp */ = {isa = PBXFileReference; lastKnownFileType = sourcecode.cpp.h; path = Queue.hpp; sourceTree = "<group>"; };
		64C0B4F1293CA4A4008BD600 /* HashTable.cpp */ = {isa = PBXFileReference; lastKnownFileType = sourcecode.cpp.cpp; path = HashTable.cpp; sourceTree = "<group>"; };
		64C0B4F2293CA4A4008BD600 /* HashTable.hpp */ = {isa = PBXFileReference; lastKnownFileType = sourcecode.cpp.h; path = HashTable.hpp; sourceTree = "<group>"; };
		64C0B4F4293CA885008BD600 /* Client.cpp */ = {isa = PBXFileReference; lastKnownFileType = sourcecode.cpp.cpp; path = Client.cpp; sourceTree = "<group>"; };
		64C0B4F5293CA885008BD600 /* Client.hpp */ = {isa = PBXFileReference; lastKnownFileType = sourcecode.cpp.h; path = Client.hpp; sourceTree = "<group>"; };
/* End PBXFileReference section */

/* Begin PBXFrameworksBuildPhase section */
		64295D2F293CA12100FCBECD /* Frameworks */ = {
			isa = PBXFrameworksBuildPhase;
			buildActionMask = 2147483647;
			files = (
			);
			runOnlyForDeploymentPostprocessing = 0;
		};
/* End PBXFrameworksBuildPhase section */

/* Begin PBXGroup section */
		64295D29293CA12100FCBECD = {
			isa = PBXGroup;
			children = (
				64295D34293CA12100FCBECD /* ComplexSystems */,
				64295D33293CA12100FCBECD /* Products */,
			);
			sourceTree = "<group>";
		};
		64295D33293CA12100FCBECD /* Products */ = {
			isa = PBXGroup;
			children = (
				64295D32293CA12100FCBECD /* ComplexSystems */,
			);
			name = Products;
			sourceTree = "<group>";
		};
		64295D34293CA12100FCBECD /* ComplexSystems */ = {
			isa = PBXGroup;
			children = (
				64295D35293CA12100FCBECD /* main.cpp */,
				64C0B4F1293CA4A4008BD600 /* HashTable.cpp */,
				64C0B4F2293CA4A4008BD600 /* HashTable.hpp */,
				649D1175293FD70E0052E98C /* LinkedList.cpp */,
				649D1176293FD70E0052E98C /* LinkedList.hpp */,
				64C0B4F4293CA885008BD600 /* Client.cpp */,
				64C0B4F5293CA885008BD600 /* Client.hpp */,
				649D11782941082F0052E98C /* Queue.cpp */,
				649D11792941082F0052E98C /* Queue.hpp */,
			);
			path = ComplexSystems;
			sourceTree = "<group>";
		};
/* End PBXGroup section */

/* Begin PBXNativeTarget section */
		64295D31293CA12100FCBECD /* ComplexSystems */ = {
			isa = PBXNativeTarget;
			buildConfigurationList = 64295D39293CA12100FCBECD /* Build configuration list for PBXNativeTarget "ComplexSystems" */;
			buildPhases = (
				64295D2E293CA12100FCBECD /* Sources */,
				64295D2F293CA12100FCBECD /* Frameworks */,
				64295D30293CA12100FCBECD /* CopyFiles */,
			);
			buildRules = (
			);
			dependencies = (
			);
			name = ComplexSystems;
			productName = ComplexSystems;
			productReference = 64295D32293CA12100FCBECD /* ComplexSystems */;
			productType = "com.apple.product-type.tool";
		};
/* End PBXNativeTarget section */

/* Begin PBXProject section */
		64295D2A293CA12100FCBECD /* Project object */ = {
			isa = PBXProject;
			attributes = {
				BuildIndependentTargetsInParallel = 1;
				LastUpgradeCheck = 1410;
				TargetAttributes = {
					64295D31293CA12100FCBECD = {
						CreatedOnToolsVersion = 14.1;
					};
				};
			};
			buildConfigurationList = 64295D2D293CA12100FCBECD /* Build configuration list for PBXProject "ComplexSystems" */;
			compatibilityVersion = "Xcode 14.0";
			developmentRegion = en;
			hasScannedForEncodings = 0;
			knownRegions = (
				en,
				Base,
			);
			mainGroup = 64295D29293CA12100FCBECD;
			productRefGroup = 64295D33293CA12100FCBECD /* Products */;
			projectDirPath = "";
			projectRoot = "";
			targets = (
				64295D31293CA12100FCBECD /* ComplexSystems */,
			);
		};
/* End PBXProject section */

/* Begin PBXSourcesBuildPhase section */
		64295D2E293CA12100FCBECD /* Sources */ = {
			isa = PBXSourcesBuildPhase;
			buildActionMask = 2147483647;
			files = (
				64C0B4F3293CA4A4008BD600 /* HashTable.cpp in Sources */,
				64295D36293CA12100FCBECD /* main.cpp in Sources */,
				649D1177293FD70E0052E98C /* LinkedList.cpp in Sources */,
				649D117A2941082F0052E98C /* Queue.cpp in Sources */,
				64C0B4F6293CA885008BD600 /* Client.cpp in Sources */,
			);
			runOnlyForDeploymentPostprocessing = 0;
		};
/* End PBXSourcesBuildPhase section */

/* Begin XCBuildConfiguration section */
		64295D37293CA12100FCBECD /* Debug */ = {
			isa = XCBuildConfiguration;
			buildSettings = {
				ALWAYS_SEARCH_USER_PATHS = NO;
				CLANG_ANALYZER_NONNULL = YES;
				CLANG_ANALYZER_NUMBER_OBJECT_CONVERSION = YES_AGGRESSIVE;
				CLANG_CXX_LANGUAGE_STANDARD = "gnu++20";
				CLANG_ENABLE_MODULES = YES;
				CLANG_ENABLE_OBJC_ARC = YES;
				CLANG_ENABLE_OBJC_WEAK = YES;
				CLANG_WARN_BLOCK_CAPTURE_AUTORELEASING = YES;
				CLANG_WARN_BOOL_CONVERSION = YES;
				CLANG_WARN_COMMA = YES;
				CLANG_WARN_CONSTANT_CONVERSION = YES;
				CLANG_WARN_DEPRECATED_OBJC_IMPLEMENTATIONS = YES;
				CLANG_WARN_DIRECT_OBJC_ISA_USAGE = YES_ERROR;
				CLANG_WARN_DOCUMENTATION_COMMENTS = YES;
				CLANG_WARN_EMPTY_BODY = YES;
				CLANG_WARN_ENUM_CONVERSION = YES;
				CLANG_WARN_INFINITE_RECURSION = YES;
				CLANG_WARN_INT_CONVERSION = YES;
				CLANG_WARN_NON_LITERAL_NULL_CONVERSION = YES;
				CLANG_WARN_OBJC_IMPLICIT_RETAIN_SELF = YES;
				CLANG_WARN_OBJC_LITERAL_CONVERSION = YES;
				CLANG_WARN_OBJC_ROOT_CLASS = YES_ERROR;
				CLANG_WARN_QUOTED_INCLUDE_IN_FRAMEWORK_HEADER = YES;
				CLANG_WARN_RANGE_LOOP_ANALYSIS = YES;
				CLANG_WARN_STRICT_PROTOTYPES = YES;
				CLANG_WARN_SUSPICIOUS_MOVE = YES;
				CLANG_WARN_UNGUARDED_AVAILABILITY = YES_AGGRESSIVE;
				CLANG_WARN_UNREACHABLE_CODE = YES;
				CLANG_WARN__DUPLICATE_METHOD_MATCH = YES;
				COPY_PHASE_STRIP = NO;
				DEBUG_INFORMATION_FORMAT = dwarf;
				ENABLE_STRICT_OBJC_MSGSEND = YES;
				ENABLE_TESTABILITY = YES;
				GCC_C_LANGUAGE_STANDARD = gnu11;
				GCC_DYNAMIC_NO_PIC = NO;
				GCC_NO_COMMON_BLOCKS = YES;
				GCC_OPTIMIZATION_LEVEL = 0;
				GCC_PREPROCESSOR_DEFINITIONS = (
					"DEBUG=1",
					"$(inherited)",
				);
				GCC_WARN_64_TO_32_BIT_CONVERSION = YES;
				GCC_WARN_ABOUT_RETURN_TYPE = YES_ERROR;
				GCC_WARN_UNDECLARED_SELECTOR = YES;
				GCC_WARN_UNINITIALIZED_AUTOS = YES_AGGRESSIVE;
				GCC_WARN_UNUSED_FUNCTION = YES;
				GCC_WARN_UNUSED_VARIABLE = YES;
				MACOSX_DEPLOYMENT_TARGET = 13.0;
				MTL_ENABLE_DEBUG_INFO = INCLUDE_SOURCE;
				MTL_FAST_MATH = YES;
				ONLY_ACTIVE_ARCH = YES;
				SDKROOT = macosx;
			};
			name = Debug;
		};
		64295D38293CA12100FCBECD /* Release */ = {
			isa = XCBuildConfiguration;
			buildSettings = {
				ALWAYS_SEARCH_USER_PATHS = NO;
				CLANG_ANALYZER_NONNULL = YES;
				CLANG_ANALYZER_NUMBER_OBJECT_CONVERSION = YES_AGGRESSIVE;
				CLANG_CXX_LANGUAGE_STANDARD = "gnu++20";
				CLANG_ENABLE_MODULES = YES;
				CLANG_ENABLE_OBJC_ARC = YES;
				CLANG_ENABLE_OBJC_WEAK = YES;
				CLANG_WARN_BLOCK_CAPTURE_AUTORELEASING = YES;
				CLANG_WARN_BOOL_CONVERSION = YES;
				CLANG_WARN_COMMA = YES;
				CLANG_WARN_CONSTANT_CONVERSION = YES;
				CLANG_WARN_DEPRECATED_OBJC_IMPLEMENTATIONS = YES;
				CLANG_WARN_DIRECT_OBJC_ISA_USAGE = YES_ERROR;
				CLANG_WARN_DOCUMENTATION_COMMENTS = YES;
				CLANG_WARN_EMPTY_BODY = YES;
				CLANG_WARN_ENUM_CONVERSION = YES;
				CLANG_WARN_INFINITE_RECURSION = YES;
				CLANG_WARN_INT_CONVERSION = YES;
				CLANG_WARN_NON_LITERAL_NULL_CONVERSION = YES;
				CLANG_WARN_OBJC_IMPLICIT_RETAIN_SELF = YES;
				CLANG_WARN_OBJC_LITERAL_CONVERSION = YES;
				CLANG_WARN_OBJC_ROOT_CLASS = YES_ERROR;
				CLANG_WARN_QUOTED_INCLUDE_IN_FRAMEWORK_HEADER = YES;
				CLANG_WARN_RANGE_LOOP_ANALYSIS = YES;
				CLANG_WARN_STRICT_PROTOTYPES = YES;
				CLANG_WARN_SUSPICIOUS_MOVE = YES;
				CLANG_WARN_UNGUARDED_AVAILABILITY = YES_AGGRESSIVE;
				CLANG_WARN_UNREACHABLE_CODE = YES;
				CLANG_WARN__DUPLICATE_METHOD_MATCH = YES;
				COPY_PHASE_STRIP = NO;
				DEBUG_INFORMATION_FORMAT = "dwarf-with-dsym";
				ENABLE_NS_ASSERTIONS = NO;
				ENABLE_STRICT_OBJC_MSGSEND = YES;
				GCC_C_LANGUAGE_STANDARD = gnu11;
				GCC_NO_COMMON_BLOCKS = YES;
				GCC_WARN_64_TO_32_BIT_CONVERSION = YES;
				GCC_WARN_ABOUT_RETURN_TYPE = YES_ERROR;
				GCC_WARN_UNDECLARED_SELECTOR = YES;
				GCC_WARN_UNINITIALIZED_AUTOS = YES_AGGRESSIVE;
				GCC_WARN_UNUSED_FUNCTION = YES;
				GCC_WARN_UNUSED_VARIABLE = YES;
				MACOSX_DEPLOYMENT_TARGET = 13.0;
				MTL_ENABLE_DEBUG_INFO = NO;
				MTL_FAST_MATH = YES;
				SDKROOT = macosx;
			};
			name = Release;
		};
		64295D3A293CA12100FCBECD /* Debug */ = {
			isa = XCBuildConfiguration;
			buildSettings = {
				CODE_SIGN_STYLE = Automatic;
				DEVELOPMENT_TEAM = ZV2PA7X85K;
				ENABLE_HARDENED_RUNTIME = YES;
				PRODUCT_NAME = "$(TARGET_NAME)";
			};
			name = Debug;
		};
		64295D3B293CA12100FCBECD /* Release */ = {
			isa = XCBuildConfiguration;
			buildSettings = {
				CODE_SIGN_STYLE = Automatic;
				DEVELOPMENT_TEAM = ZV2PA7X85K;
				ENABLE_HARDENED_RUNTIME = YES;
				PRODUCT_NAME = "$(TARGET_NAME)";
			};
			name = Release;
		};
/* End XCBuildConfiguration section */

/* Begin XCConfigurationList section */
		64295D2D293CA12100FCBECD /* Build configuration list for PBXProject "ComplexSystems" */ = {
			isa = XCConfigurationList;
			buildConfigurations = (
				64295D37293CA12100FCBECD /* Debug */,
				64295D38293CA12100FCBECD /* Release */,
			);
			defaultConfigurationIsVisible = 0;
			defaultConfigurationName = Release;
		};
		64295D39293CA12100FCBECD /* Build configuration list for PBXNativeTarget "ComplexSystems" */ = {
			isa = XCConfigurationList;
			buildConfigurations = (
				64295D3A293CA12100FCBECD /* Debug */,
				64295D3B293CA12100FCBECD /* Release */,
			);
			defaultConfigurationIsVisible = 0;
			defaultConfigurationName = Release;
		};
/* End XCConfigurationList section */
	};
	rootObject = 64295D2A293CA12100FCBECD /* Project object */;
}
